
Microsoft Visual Studio Solution File, Format Version 12.00
# Visual Studio Version 17
VisualStudioVersion = 17.0.31903.59
MinimumVisualStudioVersion = 10.0.40219.1
Project("{FAE04EC0-301F-11D3-BF4B-00C04F79EFBC}") = "LibraryApp.Application", "LibraryApp.Application\LibraryApp.Application.csproj", "{BFF6C509-D42C-4EE8-8312-24E7C3F9E92F}"
EndProject
Project("{FAE04EC0-301F-11D3-BF4B-00C04F79EFBC}") = "LibraryApp.Domain", "LibraryApp.Domain\LibraryApp.Domain.csproj", "{EFC17AD7-E622-4947-8EB9-C0BC99DB75D4}"
EndProject
Project("{FAE04EC0-301F-11D3-BF4B-00C04F79EFBC}") = "LibraryApp.API", "LibraryApp.API\LibraryApp.API.csproj", "{9BCDE966-45D7-4D27-95AB-31ABD2C387B7}"
EndProject
Project("{FAE04EC0-301F-11D3-BF4B-00C04F79EFBC}") = "LibraryApp.Data", "LibraryApp.Data\LibraryApp.Data.csproj", "{6149DEA5-5F7D-4C52-9C23-8B82095BE1B5}"
EndProject
Project("{FAE04EC0-301F-11D3-BF4B-00C04F79EFBC}") = "LibraryApp.Tests", "LibraryApp.Tests\LibraryApp.Tests.csproj", "{A5A2C371-56CC-4030-8CA9-271421ADCC4F}"
EndProject
Global
	GlobalSection(SolutionConfigurationPlatforms) = preSolution
		Debug|Any CPU = Debug|Any CPU
		Release|Any CPU = Release|Any CPU
	EndGlobalSection
	GlobalSection(ProjectConfigurationPlatforms) = postSolution
		{BFF6C509-D42C-4EE8-8312-24E7C3F9E92F}.Debug|Any CPU.ActiveCfg = Debug|Any CPU
		{BFF6C509-D42C-4EE8-8312-24E7C3F9E92F}.Debug|Any CPU.Build.0 = Debug|Any CPU
		{BFF6C509-D42C-4EE8-8312-24E7C3F9E92F}.Release|Any CPU.ActiveCfg = Release|Any CPU
		{BFF6C509-D42C-4EE8-8312-24E7C3F9E92F}.Release|Any CPU.Build.0 = Release|Any CPU
		{EFC17AD7-E622-4947-8EB9-C0BC99DB75D4}.Debug|Any CPU.ActiveCfg = Debug|Any CPU
		{EFC17AD7-E622-4947-8EB9-C0BC99DB75D4}.Debug|Any CPU.Build.0 = Debug|Any CPU
		{EFC17AD7-E622-4947-8EB9-C0BC99DB75D4}.Release|Any CPU.ActiveCfg = Release|Any CPU
		{EFC17AD7-E622-4947-8EB9-C0BC99DB75D4}.Release|Any CPU.Build.0 = Release|Any CPU
		{9BCDE966-45D7-4D27-95AB-31ABD2C387B7}.Debug|Any CPU.ActiveCfg = Debug|Any CPU
		{9BCDE966-45D7-4D27-95AB-31ABD2C387B7}.Debug|Any CPU.Build.0 = Debug|Any CPU
		{9BCDE966-45D7-4D27-95AB-31ABD2C387B7}.Release|Any CPU.ActiveCfg = Release|Any CPU
		{9BCDE966-45D7-4D27-95AB-31ABD2C387B7}.Release|Any CPU.Build.0 = Release|Any CPU
		{6149DEA5-5F7D-4C52-9C23-8B82095BE1B5}.Debug|Any CPU.ActiveCfg = Debug|Any CPU
		{6149DEA5-5F7D-4C52-9C23-8B82095BE1B5}.Debug|Any CPU.Build.0 = Debug|Any CPU
		{6149DEA5-5F7D-4C52-9C23-8B82095BE1B5}.Release|Any CPU.ActiveCfg = Release|Any CPU
		{6149DEA5-5F7D-4C52-9C23-8B82095BE1B5}.Release|Any CPU.Build.0 = Release|Any CPU
		{A5A2C371-56CC-4030-8CA9-271421ADCC4F}.Debug|Any CPU.ActiveCfg = Debug|Any CPU
		{A5A2C371-56CC-4030-8CA9-271421ADCC4F}.Debug|Any CPU.Build.0 = Debug|Any CPU
		{A5A2C371-56CC-4030-8CA9-271421ADCC4F}.Release|Any CPU.ActiveCfg = Release|Any CPU
		{A5A2C371-56CC-4030-8CA9-271421ADCC4F}.Release|Any CPU.Build.0 = Release|Any CPU
	EndGlobalSection
	GlobalSection(SolutionProperties) = preSolution
		HideSolutionNode = FALSE
	EndGlobalSection
EndGlobal
